
Microsoft Visual Studio Solution File, Format Version 12.00
# Visual Studio Version 17
VisualStudioVersion = 17.0.31903.59
MinimumVisualStudioVersion = 10.0.40219.1
Project("{2150E333-8FDC-42A3-9474-1A3956D46DE8}") = "src", "src", "{827E0CD3-B72D-47B6-A68D-7590B98EB39B}"
EndProject
Project("{2150E333-8FDC-42A3-9474-1A3956D46DE8}") = "BuildingBlocks", "BuildingBlocks", "{90298CBA-BD6F-3A0A-69D5-97CAD7B05E7E}"
EndProject
Project("{FAE04EC0-301F-11D3-BF4B-00C04F79EFBC}") = "AtlanticCity.BuildingBlocks.Contracts", "src\BuildingBlocks\AtlanticCity.BuildingBlocks.Contracts\AtlanticCity.BuildingBlocks.Contracts.csproj", "{83CCC83E-9ECB-4A01-8DFC-3287DEBEA212}"
EndProject
Project("{FAE04EC0-301F-11D3-BF4B-00C04F79EFBC}") = "AtlanticCity.BuildingBlocks.Messaging", "src\BuildingBlocks\AtlanticCity.BuildingBlocks.Messaging\AtlanticCity.BuildingBlocks.Messaging.csproj", "{582AE7F4-1A9E-425F-B8C8-B6F8BD198F4E}"
EndProject
Project("{FAE04EC0-301F-11D3-BF4B-00C04F79EFBC}") = "AtlanticCity.BuildingBlocks.Observability", "src\BuildingBlocks\AtlanticCity.BuildingBlocks.Observability\AtlanticCity.BuildingBlocks.Observability.csproj", "{E7BDAFDC-6699-4477-B0BA-0E15842ACF10}"
EndProject
Project("{FAE04EC0-301F-11D3-BF4B-00C04F79EFBC}") = "AtlanticCity.Gateway", "src\Gateway\AtlanticCity.Gateway\AtlanticCity.Gateway.csproj", "{C6630DDB-3E61-4723-9B83-99D3F5F72568}"
EndProject
Project("{FAE04EC0-301F-11D3-BF4B-00C04F79EFBC}") = "AtlanticCity.Authentication.Api", "src\Services\Authentication\AtlanticCity.Authentication.Api\AtlanticCity.Authentication.Api.csproj", "{E3DF5958-C454-47F9-BCF6-528DB47AC62C}"
EndProject
Project("{FAE04EC0-301F-11D3-BF4B-00C04F79EFBC}") = "AtlanticCity.Authentication.Application", "src\Services\Authentication\AtlanticCity.Authentication.Application\AtlanticCity.Authentication.Application.csproj", "{D9553D3D-9EFE-4875-875E-F122CD35374A}"
EndProject
Project("{FAE04EC0-301F-11D3-BF4B-00C04F79EFBC}") = "AtlanticCity.Authentication.Domain", "src\Services\Authentication\AtlanticCity.Authentication.Domain\AtlanticCity.Authentication.Domain.csproj", "{8B5C73EB-6C8B-499E-BF80-AA120686AC8D}"
EndProject
Project("{FAE04EC0-301F-11D3-BF4B-00C04F79EFBC}") = "AtlanticCity.Authentication.Infrastructure", "src\Services\Authentication\AtlanticCity.Authentication.Infrastructure\AtlanticCity.Authentication.Infrastructure.csproj", "{1D2621EC-C116-4E4F-BA64-8C9C0321D17C}"
EndProject
Project("{FAE04EC0-301F-11D3-BF4B-00C04F79EFBC}") = "AtlanticCity.Control.Api", "src\Services\Control\AtlanticCity.Control.Api\AtlanticCity.Control.Api.csproj", "{20487429-D8D3-4137-9C37-09E8BD4DC7BC}"
EndProject
Project("{FAE04EC0-301F-11D3-BF4B-00C04F79EFBC}") = "AtlanticCity.Control.Application", "src\Services\Control\AtlanticCity.Control.Application\AtlanticCity.Control.Application.csproj", "{14EF50F7-8F57-4A8D-8552-17ADB6C70166}"
EndProject
Project("{FAE04EC0-301F-11D3-BF4B-00C04F79EFBC}") = "AtlanticCity.Control.Domain", "src\Services\Control\AtlanticCity.Control.Domain\AtlanticCity.Control.Domain.csproj", "{DBCC0169-A402-48CC-9FAB-6E70B89071EA}"
EndProject
Project("{FAE04EC0-301F-11D3-BF4B-00C04F79EFBC}") = "AtlanticCity.Control.Infrastructure", "src\Services\Control\AtlanticCity.Control.Infrastructure\AtlanticCity.Control.Infrastructure.csproj", "{94697D0E-67E3-4406-9C6A-316CC5F00562}"
EndProject
Project("{FAE04EC0-301F-11D3-BF4B-00C04F79EFBC}") = "AtlanticCity.MassiveLoad.Application", "src\Services\MassiveLoad\AtlanticCity.MassiveLoad.Application\AtlanticCity.MassiveLoad.Application.csproj", "{82549AAB-094D-47CF-9046-1FDB4413EEBC}"
EndProject
Project("{FAE04EC0-301F-11D3-BF4B-00C04F79EFBC}") = "AtlanticCity.MassiveLoad.Domain", "src\Services\MassiveLoad\AtlanticCity.MassiveLoad.Domain\AtlanticCity.MassiveLoad.Domain.csproj", "{0578000B-0F5F-405E-A7CD-3F39A43AB20E}"
EndProject
Project("{FAE04EC0-301F-11D3-BF4B-00C04F79EFBC}") = "AtlanticCity.MassiveLoad.Infrastructure", "src\Services\MassiveLoad\AtlanticCity.MassiveLoad.Infrastructure\AtlanticCity.MassiveLoad.Infrastructure.csproj", "{987C9A05-C8FE-43C0-8A59-5C2AE2B0ACDE}"
EndProject
Project("{FAE04EC0-301F-11D3-BF4B-00C04F79EFBC}") = "AtlanticCity.MassiveLoad.Worker", "src\Services\MassiveLoad\AtlanticCity.MassiveLoad.Worker\AtlanticCity.MassiveLoad.Worker.csproj", "{01831655-15D7-43F9-98E0-F3D413825169}"
EndProject
Project("{FAE04EC0-301F-11D3-BF4B-00C04F79EFBC}") = "AtlanticCity.Notification.Application", "src\Services\Notification\AtlanticCity.Notification.Application\AtlanticCity.Notification.Application.csproj", "{E4A8A1A3-9B0F-4C78-BAED-A5FBD5C28306}"
EndProject
Project("{FAE04EC0-301F-11D3-BF4B-00C04F79EFBC}") = "AtlanticCity.Notification.Domain", "src\Services\Notification\AtlanticCity.Notification.Domain\AtlanticCity.Notification.Domain.csproj", "{8EC61259-FB41-4CBF-B7DC-FD662EE5EB1D}"
EndProject
Project("{FAE04EC0-301F-11D3-BF4B-00C04F79EFBC}") = "AtlanticCity.Notification.Infrastructure", "src\Services\Notification\AtlanticCity.Notification.Infrastructure\AtlanticCity.Notification.Infrastructure.csproj", "{137E0441-BDDC-4236-9147-FCD4BAA33FBD}"
EndProject
Project("{FAE04EC0-301F-11D3-BF4B-00C04F79EFBC}") = "AtlanticCity.Notification.Worker", "src\Services\Notification\AtlanticCity.Notification.Worker\AtlanticCity.Notification.Worker.csproj", "{07AB275F-E868-411E-8CF5-00803A85E1C4}"
EndProject
Project("{FAE04EC0-301F-11D3-BF4B-00C04F79EFBC}") = "AtlanticCity.Authentication.UnitTests", "tests\AtlanticCity.Authentication.UnitTests\AtlanticCity.Authentication.UnitTests.csproj", "{D70A0087-104B-4B67-8016-9A72D42DE861}"
EndProject
Project("{FAE04EC0-301F-11D3-BF4B-00C04F79EFBC}") = "AtlanticCity.Control.UnitTests", "tests\AtlanticCity.Control.UnitTests\AtlanticCity.Control.UnitTests.csproj", "{59CE01BC-4ABB-4BD3-841F-34A5E99D0A21}"
EndProject
Project("{FAE04EC0-301F-11D3-BF4B-00C04F79EFBC}") = "AtlanticCity.MassiveLoad.UnitTests", "tests\AtlanticCity.MassiveLoad.UnitTests\AtlanticCity.MassiveLoad.UnitTests.csproj", "{9026A38C-A167-42B3-B1A3-5FB1032425C1}"
EndProject
Project("{2150E333-8FDC-42A3-9474-1A3956D46DE8}") = "tests", "tests", "{0AB3BF05-4346-4AA6-1389-037BE0695223}"
EndProject
Project("{FAE04EC0-301F-11D3-BF4B-00C04F79EFBC}") = "AtlanticCity.Control.IntegrationTests", "tests\AtlanticCity.Control.IntegrationTests\AtlanticCity.Control.IntegrationTests.csproj", "{F65F8884-5FFC-46B5-8DE4-790F27C32BF0}"
EndProject
Global
	GlobalSection(SolutionConfigurationPlatforms) = preSolution
		Debug|Any CPU = Debug|Any CPU
		Debug|x64 = Debug|x64
		Debug|x86 = Debug|x86
		Release|Any CPU = Release|Any CPU
		Release|x64 = Release|x64
		Release|x86 = Release|x86
	EndGlobalSection
	GlobalSection(ProjectConfigurationPlatforms) = postSolution
		{83CCC83E-9ECB-4A01-8DFC-3287DEBEA212}.Debug|Any CPU.ActiveCfg = Debug|Any CPU
		{83CCC83E-9ECB-4A01-8DFC-3287DEBEA212}.Debug|Any CPU.Build.0 = Debug|Any CPU
		{83CCC83E-9ECB-4A01-8DFC-3287DEBEA212}.Debug|x64.ActiveCfg = Debug|Any CPU
		{83CCC83E-9ECB-4A01-8DFC-3287DEBEA212}.Debug|x64.Build.0 = Debug|Any CPU
		{83CCC83E-9ECB-4A01-8DFC-3287DEBEA212}.Debug|x86.ActiveCfg = Debug|Any CPU
		{83CCC83E-9ECB-4A01-8DFC-3287DEBEA212}.Debug|x86.Build.0 = Debug|Any CPU
		{83CCC83E-9ECB-4A01-8DFC-3287DEBEA212}.Release|Any CPU.ActiveCfg = Release|Any CPU
		{83CCC83E-9ECB-4A01-8DFC-3287DEBEA212}.Release|Any CPU.Build.0 = Release|Any CPU
		{83CCC83E-9ECB-4A01-8DFC-3287DEBEA212}.Release|x64.ActiveCfg = Release|Any CPU
		{83CCC83E-9ECB-4A01-8DFC-3287DEBEA212}.Release|x64.Build.0 = Release|Any CPU
		{83CCC83E-9ECB-4A01-8DFC-3287DEBEA212}.Release|x86.ActiveCfg = Release|Any CPU
		{83CCC83E-9ECB-4A01-8DFC-3287DEBEA212}.Release|x86.Build.0 = Release|Any CPU
		{582AE7F4-1A9E-425F-B8C8-B6F8BD198F4E}.Debug|Any CPU.ActiveCfg = Debug|Any CPU
		{582AE7F4-1A9E-425F-B8C8-B6F8BD198F4E}.Debug|Any CPU.Build.0 = Debug|Any CPU
		{582AE7F4-1A9E-425F-B8C8-B6F8BD198F4E}.Debug|x64.ActiveCfg = Debug|Any CPU
		{582AE7F4-1A9E-425F-B8C8-B6F8BD198F4E}.Debug|x64.Build.0 = Debug|Any CPU
		{582AE7F4-1A9E-425F-B8C8-B6F8BD198F4E}.Debug|x86.ActiveCfg = Debug|Any CPU
		{582AE7F4-1A9E-425F-B8C8-B6F8BD198F4E}.Debug|x86.Build.0 = Debug|Any CPU
		{582AE7F4-1A9E-425F-B8C8-B6F8BD198F4E}.Release|Any CPU.ActiveCfg = Release|Any CPU
		{582AE7F4-1A9E-425F-B8C8-B6F8BD198F4E}.Release|Any CPU.Build.0 = Release|Any CPU
		{582AE7F4-1A9E-425F-B8C8-B6F8BD198F4E}.Release|x64.ActiveCfg = Release|Any CPU
		{582AE7F4-1A9E-425F-B8C8-B6F8BD198F4E}.Release|x64.Build.0 = Release|Any CPU
		{582AE7F4-1A9E-425F-B8C8-B6F8BD198F4E}.Release|x86.ActiveCfg = Release|Any CPU
		{582AE7F4-1A9E-425F-B8C8-B6F8BD198F4E}.Release|x86.Build.0 = Release|Any CPU
		{E7BDAFDC-6699-4477-B0BA-0E15842ACF10}.Debug|Any CPU.ActiveCfg = Debug|Any CPU
		{E7BDAFDC-6699-4477-B0BA-0E15842ACF10}.Debug|Any CPU.Build.0 = Debug|Any CPU
		{E7BDAFDC-6699-4477-B0BA-0E15842ACF10}.Debug|x64.ActiveCfg = Debug|Any CPU
		{E7BDAFDC-6699-4477-B0BA-0E15842ACF10}.Debug|x64.Build.0 = Debug|Any CPU
		{E7BDAFDC-6699-4477-B0BA-0E15842ACF10}.Debug|x86.ActiveCfg = Debug|Any CPU
		{E7BDAFDC-6699-4477-B0BA-0E15842ACF10}.Debug|x86.Build.0 = Debug|Any CPU
		{E7BDAFDC-6699-4477-B0BA-0E15842ACF10}.Release|Any CPU.ActiveCfg = Release|Any CPU
		{E7BDAFDC-6699-4477-B0BA-0E15842ACF10}.Release|Any CPU.Build.0 = Release|Any CPU
		{E7BDAFDC-6699-4477-B0BA-0E15842ACF10}.Release|x64.ActiveCfg = Release|Any CPU
		{E7BDAFDC-6699-4477-B0BA-0E15842ACF10}.Release|x64.Build.0 = Release|Any CPU
		{E7BDAFDC-6699-4477-B0BA-0E15842ACF10}.Release|x86.ActiveCfg = Release|Any CPU
		{E7BDAFDC-6699-4477-B0BA-0E15842ACF10}.Release|x86.Build.0 = Release|Any CPU
		{C6630DDB-3E61-4723-9B83-99D3F5F72568}.Debug|Any CPU.ActiveCfg = Debug|Any CPU
		{C6630DDB-3E61-4723-9B83-99D3F5F72568}.Debug|Any CPU.Build.0 = Debug|Any CPU
		{C6630DDB-3E61-4723-9B83-99D3F5F72568}.Debug|x64.ActiveCfg = Debug|Any CPU
		{C6630DDB-3E61-4723-9B83-99D3F5F72568}.Debug|x64.Build.0 = Debug|Any CPU
		{C6630DDB-3E61-4723-9B83-99D3F5F72568}.Debug|x86.ActiveCfg = Debug|Any CPU
		{C6630DDB-3E61-4723-9B83-99D3F5F72568}.Debug|x86.Build.0 = Debug|Any CPU
		{C6630DDB-3E61-4723-9B83-99D3F5F72568}.Release|Any CPU.ActiveCfg = Release|Any CPU
		{C6630DDB-3E61-4723-9B83-99D3F5F72568}.Release|Any CPU.Build.0 = Release|Any CPU
		{C6630DDB-3E61-4723-9B83-99D3F5F72568}.Release|x64.ActiveCfg = Release|Any CPU
		{C6630DDB-3E61-4723-9B83-99D3F5F72568}.Release|x64.Build.0 = Release|Any CPU
		{C6630DDB-3E61-4723-9B83-99D3F5F72568}.Release|x86.ActiveCfg = Release|Any CPU
		{C6630DDB-3E61-4723-9B83-99D3F5F72568}.Release|x86.Build.0 = Release|Any CPU
		{E3DF5958-C454-47F9-BCF6-528DB47AC62C}.Debug|Any CPU.ActiveCfg = Debug|Any CPU
		{E3DF5958-C454-47F9-BCF6-528DB47AC62C}.Debug|Any CPU.Build.0 = Debug|Any CPU
		{E3DF5958-C454-47F9-BCF6-528DB47AC62C}.Debug|x64.ActiveCfg = Debug|Any CPU
		{E3DF5958-C454-47F9-BCF6-528DB47AC62C}.Debug|x64.Build.0 = Debug|Any CPU
		{E3DF5958-C454-47F9-BCF6-528DB47AC62C}.Debug|x86.ActiveCfg = Debug|Any CPU
		{E3DF5958-C454-47F9-BCF6-528DB47AC62C}.Debug|x86.Build.0 = Debug|Any CPU
		{E3DF5958-C454-47F9-BCF6-528DB47AC62C}.Release|Any CPU.ActiveCfg = Release|Any CPU
		{E3DF5958-C454-47F9-BCF6-528DB47AC62C}.Release|Any CPU.Build.0 = Release|Any CPU
		{E3DF5958-C454-47F9-BCF6-528DB47AC62C}.Release|x64.ActiveCfg = Release|Any CPU
		{E3DF5958-C454-47F9-BCF6-528DB47AC62C}.Release|x64.Build.0 = Release|Any CPU
		{E3DF5958-C454-47F9-BCF6-528DB47AC62C}.Release|x86.ActiveCfg = Release|Any CPU
		{E3DF5958-C454-47F9-BCF6-528DB47AC62C}.Release|x86.Build.0 = Release|Any CPU
		{D9553D3D-9EFE-4875-875E-F122CD35374A}.Debug|Any CPU.ActiveCfg = Debug|Any CPU
		{D9553D3D-9EFE-4875-875E-F122CD35374A}.Debug|Any CPU.Build.0 = Debug|Any CPU
		{D9553D3D-9EFE-4875-875E-F122CD35374A}.Debug|x64.ActiveCfg = Debug|Any CPU
		{D9553D3D-9EFE-4875-875E-F122CD35374A}.Debug|x64.Build.0 = Debug|Any CPU
		{D9553D3D-9EFE-4875-875E-F122CD35374A}.Debug|x86.ActiveCfg = Debug|Any CPU
		{D9553D3D-9EFE-4875-875E-F122CD35374A}.Debug|x86.Build.0 = Debug|Any CPU
		{D9553D3D-9EFE-4875-875E-F122CD35374A}.Release|Any CPU.ActiveCfg = Release|Any CPU
		{D9553D3D-9EFE-4875-875E-F122CD35374A}.Release|Any CPU.Build.0 = Release|Any CPU
		{D9553D3D-9EFE-4875-875E-F122CD35374A}.Release|x64.ActiveCfg = Release|Any CPU
		{D9553D3D-9EFE-4875-875E-F122CD35374A}.Release|x64.Build.0 = Release|Any CPU
		{D9553D3D-9EFE-4875-875E-F122CD35374A}.Release|x86.ActiveCfg = Release|Any CPU
		{D9553D3D-9EFE-4875-875E-F122CD35374A}.Release|x86.Build.0 = Release|Any CPU
		{8B5C73EB-6C8B-499E-BF80-AA120686AC8D}.Debug|Any CPU.ActiveCfg = Debug|Any CPU
		{8B5C73EB-6C8B-499E-BF80-AA120686AC8D}.Debug|Any CPU.Build.0 = Debug|Any CPU
		{8B5C73EB-6C8B-499E-BF80-AA120686AC8D}.Debug|x64.ActiveCfg = Debug|Any CPU
		{8B5C73EB-6C8B-499E-BF80-AA120686AC8D}.Debug|x64.Build.0 = Debug|Any CPU
		{8B5C73EB-6C8B-499E-BF80-AA120686AC8D}.Debug|x86.ActiveCfg = Debug|Any CPU
		{8B5C73EB-6C8B-499E-BF80-AA120686AC8D}.Debug|x86.Build.0 = Debug|Any CPU
		{8B5C73EB-6C8B-499E-BF80-AA120686AC8D}.Release|Any CPU.ActiveCfg = Release|Any CPU
		{8B5C73EB-6C8B-499E-BF80-AA120686AC8D}.Release|Any CPU.Build.0 = Release|Any CPU
		{8B5C73EB-6C8B-499E-BF80-AA120686AC8D}.Release|x64.ActiveCfg = Release|Any CPU
		{8B5C73EB-6C8B-499E-BF80-AA120686AC8D}.Release|x64.Build.0 = Release|Any CPU
		{8B5C73EB-6C8B-499E-BF80-AA120686AC8D}.Release|x86.ActiveCfg = Release|Any CPU
		{8B5C73EB-6C8B-499E-BF80-AA120686AC8D}.Release|x86.Build.0 = Release|Any CPU
		{1D2621EC-C116-4E4F-BA64-8C9C0321D17C}.Debug|Any CPU.ActiveCfg = Debug|Any CPU
		{1D2621EC-C116-4E4F-BA64-8C9C0321D17C}.Debug|Any CPU.Build.0 = Debug|Any CPU
		{1D2621EC-C116-4E4F-BA64-8C9C0321D17C}.Debug|x64.ActiveCfg = Debug|Any CPU
		{1D2621EC-C116-4E4F-BA64-8C9C0321D17C}.Debug|x64.Build.0 = Debug|Any CPU
		{1D2621EC-C116-4E4F-BA64-8C9C0321D17C}.Debug|x86.ActiveCfg = Debug|Any CPU
		{1D2621EC-C116-4E4F-BA64-8C9C0321D17C}.Debug|x86.Build.0 = Debug|Any CPU
		{1D2621EC-C116-4E4F-BA64-8C9C0321D17C}.Release|Any CPU.ActiveCfg = Release|Any CPU
		{1D2621EC-C116-4E4F-BA64-8C9C0321D17C}.Release|Any CPU.Build.0 = Release|Any CPU
		{1D2621EC-C116-4E4F-BA64-8C9C0321D17C}.Release|x64.ActiveCfg = Release|Any CPU
		{1D2621EC-C116-4E4F-BA64-8C9C0321D17C}.Release|x64.Build.0 = Release|Any CPU
		{1D2621EC-C116-4E4F-BA64-8C9C0321D17C}.Release|x86.ActiveCfg = Release|Any CPU
		{1D2621EC-C116-4E4F-BA64-8C9C0321D17C}.Release|x86.Build.0 = Release|Any CPU
		{20487429-D8D3-4137-9C37-09E8BD4DC7BC}.Debug|Any CPU.ActiveCfg = Debug|Any CPU
		{20487429-D8D3-4137-9C37-09E8BD4DC7BC}.Debug|Any CPU.Build.0 = Debug|Any CPU
		{20487429-D8D3-4137-9C37-09E8BD4DC7BC}.Debug|x64.ActiveCfg = Debug|Any CPU
		{20487429-D8D3-4137-9C37-09E8BD4DC7BC}.Debug|x64.Build.0 = Debug|Any CPU
		{20487429-D8D3-4137-9C37-09E8BD4DC7BC}.Debug|x86.ActiveCfg = Debug|Any CPU
		{20487429-D8D3-4137-9C37-09E8BD4DC7BC}.Debug|x86.Build.0 = Debug|Any CPU
		{20487429-D8D3-4137-9C37-09E8BD4DC7BC}.Release|Any CPU.ActiveCfg = Release|Any CPU
		{20487429-D8D3-4137-9C37-09E8BD4DC7BC}.Release|Any CPU.Build.0 = Release|Any CPU
		{20487429-D8D3-4137-9C37-09E8BD4DC7BC}.Release|x64.ActiveCfg = Release|Any CPU
		{20487429-D8D3-4137-9C37-09E8BD4DC7BC}.Release|x64.Build.0 = Release|Any CPU
		{20487429-D8D3-4137-9C37-09E8BD4DC7BC}.Release|x86.ActiveCfg = Release|Any CPU
		{20487429-D8D3-4137-9C37-09E8BD4DC7BC}.Release|x86.Build.0 = Release|Any CPU
		{14EF50F7-8F57-4A8D-8552-17ADB6C70166}.Debug|Any CPU.ActiveCfg = Debug|Any CPU
		{14EF50F7-8F57-4A8D-8552-17ADB6C70166}.Debug|Any CPU.Build.0 = Debug|Any CPU
		{14EF50F7-8F57-4A8D-8552-17ADB6C70166}.Debug|x64.ActiveCfg = Debug|Any CPU
		{14EF50F7-8F57-4A8D-8552-17ADB6C70166}.Debug|x64.Build.0 = Debug|Any CPU
		{14EF50F7-8F57-4A8D-8552-17ADB6C70166}.Debug|x86.ActiveCfg = Debug|Any CPU
		{14EF50F7-8F57-4A8D-8552-17ADB6C70166}.Debug|x86.Build.0 = Debug|Any CPU
		{14EF50F7-8F57-4A8D-8552-17ADB6C70166}.Release|Any CPU.ActiveCfg = Release|Any CPU
		{14EF50F7-8F57-4A8D-8552-17ADB6C70166}.Release|Any CPU.Build.0 = Release|Any CPU
		{14EF50F7-8F57-4A8D-8552-17ADB6C70166}.Release|x64.ActiveCfg = Release|Any CPU
		{14EF50F7-8F57-4A8D-8552-17ADB6C70166}.Release|x64.Build.0 = Release|Any CPU
		{14EF50F7-8F57-4A8D-8552-17ADB6C70166}.Release|x86.ActiveCfg = Release|Any CPU
		{14EF50F7-8F57-4A8D-8552-17ADB6C70166}.Release|x86.Build.0 = Release|Any CPU
		{DBCC0169-A402-48CC-9FAB-6E70B89071EA}.Debug|Any CPU.ActiveCfg = Debug|Any CPU
		{DBCC0169-A402-48CC-9FAB-6E70B89071EA}.Debug|Any CPU.Build.0 = Debug|Any CPU
		{DBCC0169-A402-48CC-9FAB-6E70B89071EA}.Debug|x64.ActiveCfg = Debug|Any CPU
		{DBCC0169-A402-48CC-9FAB-6E70B89071EA}.Debug|x64.Build.0 = Debug|Any CPU
		{DBCC0169-A402-48CC-9FAB-6E70B89071EA}.Debug|x86.ActiveCfg = Debug|Any CPU
		{DBCC0169-A402-48CC-9FAB-6E70B89071EA}.Debug|x86.Build.0 = Debug|Any CPU
		{DBCC0169-A402-48CC-9FAB-6E70B89071EA}.Release|Any CPU.ActiveCfg = Release|Any CPU
		{DBCC0169-A402-48CC-9FAB-6E70B89071EA}.Release|Any CPU.Build.0 = Release|Any CPU
		{DBCC0169-A402-48CC-9FAB-6E70B89071EA}.Release|x64.ActiveCfg = Release|Any CPU
		{DBCC0169-A402-48CC-9FAB-6E70B89071EA}.Release|x64.Build.0 = Release|Any CPU
		{DBCC0169-A402-48CC-9FAB-6E70B89071EA}.Release|x86.ActiveCfg = Release|Any CPU
		{DBCC0169-A402-48CC-9FAB-6E70B89071EA}.Release|x86.Build.0 = Release|Any CPU
		{94697D0E-67E3-4406-9C6A-316CC5F00562}.Debug|Any CPU.ActiveCfg = Debug|Any CPU
		{94697D0E-67E3-4406-9C6A-316CC5F00562}.Debug|Any CPU.Build.0 = Debug|Any CPU
		{94697D0E-67E3-4406-9C6A-316CC5F00562}.Debug|x64.ActiveCfg = Debug|Any CPU
		{94697D0E-67E3-4406-9C6A-316CC5F00562}.Debug|x64.Build.0 = Debug|Any CPU
		{94697D0E-67E3-4406-9C6A-316CC5F00562}.Debug|x86.ActiveCfg = Debug|Any CPU
		{94697D0E-67E3-4406-9C6A-316CC5F00562}.Debug|x86.Build.0 = Debug|Any CPU
		{94697D0E-67E3-4406-9C6A-316CC5F00562}.Release|Any CPU.ActiveCfg = Release|Any CPU
		{94697D0E-67E3-4406-9C6A-316CC5F00562}.Release|Any CPU.Build.0 = Release|Any CPU
		{94697D0E-67E3-4406-9C6A-316CC5F00562}.Release|x64.ActiveCfg = Release|Any CPU
		{94697D0E-67E3-4406-9C6A-316CC5F00562}.Release|x64.Build.0 = Release|Any CPU
		{94697D0E-67E3-4406-9C6A-316CC5F00562}.Release|x86.ActiveCfg = Release|Any CPU
		{94697D0E-67E3-4406-9C6A-316CC5F00562}.Release|x86.Build.0 = Release|Any CPU
		{82549AAB-094D-47CF-9046-1FDB4413EEBC}.Debug|Any CPU.ActiveCfg = Debug|Any CPU
		{82549AAB-094D-47CF-9046-1FDB4413EEBC}.Debug|Any CPU.Build.0 = Debug|Any CPU
		{82549AAB-094D-47CF-9046-1FDB4413EEBC}.Debug|x64.ActiveCfg = Debug|Any CPU
		{82549AAB-094D-47CF-9046-1FDB4413EEBC}.Debug|x64.Build.0 = Debug|Any CPU
		{82549AAB-094D-47CF-9046-1FDB4413EEBC}.Debug|x86.ActiveCfg = Debug|Any CPU
		{82549AAB-094D-47CF-9046-1FDB4413EEBC}.Debug|x86.Build.0 = Debug|Any CPU
		{82549AAB-094D-47CF-9046-1FDB4413EEBC}.Release|Any CPU.ActiveCfg = Release|Any CPU
		{82549AAB-094D-47CF-9046-1FDB4413EEBC}.Release|Any CPU.Build.0 = Release|Any CPU
		{82549AAB-094D-47CF-9046-1FDB4413EEBC}.Release|x64.ActiveCfg = Release|Any CPU
		{82549AAB-094D-47CF-9046-1FDB4413EEBC}.Release|x64.Build.0 = Release|Any CPU
		{82549AAB-094D-47CF-9046-1FDB4413EEBC}.Release|x86.ActiveCfg = Release|Any CPU
		{82549AAB-094D-47CF-9046-1FDB4413EEBC}.Release|x86.Build.0 = Release|Any CPU
		{0578000B-0F5F-405E-A7CD-3F39A43AB20E}.Debug|Any CPU.ActiveCfg = Debug|Any CPU
		{0578000B-0F5F-405E-A7CD-3F39A43AB20E}.Debug|Any CPU.Build.0 = Debug|Any CPU
		{0578000B-0F5F-405E-A7CD-3F39A43AB20E}.Debug|x64.ActiveCfg = Debug|Any CPU
		{0578000B-0F5F-405E-A7CD-3F39A43AB20E}.Debug|x64.Build.0 = Debug|Any CPU
		{0578000B-0F5F-405E-A7CD-3F39A43AB20E}.Debug|x86.ActiveCfg = Debug|Any CPU
		{0578000B-0F5F-405E-A7CD-3F39A43AB20E}.Debug|x86.Build.0 = Debug|Any CPU
		{0578000B-0F5F-405E-A7CD-3F39A43AB20E}.Release|Any CPU.ActiveCfg = Release|Any CPU
		{0578000B-0F5F-405E-A7CD-3F39A43AB20E}.Release|Any CPU.Build.0 = Release|Any CPU
		{0578000B-0F5F-405E-A7CD-3F39A43AB20E}.Release|x64.ActiveCfg = Release|Any CPU
		{0578000B-0F5F-405E-A7CD-3F39A43AB20E}.Release|x64.Build.0 = Release|Any CPU
		{0578000B-0F5F-405E-A7CD-3F39A43AB20E}.Release|x86.ActiveCfg = Release|Any CPU
		{0578000B-0F5F-405E-A7CD-3F39A43AB20E}.Release|x86.Build.0 = Release|Any CPU
		{987C9A05-C8FE-43C0-8A59-5C2AE2B0ACDE}.Debug|Any CPU.ActiveCfg = Debug|Any CPU
		{987C9A05-C8FE-43C0-8A59-5C2AE2B0ACDE}.Debug|Any CPU.Build.0 = Debug|Any CPU
		{987C9A05-C8FE-43C0-8A59-5C2AE2B0ACDE}.Debug|x64.ActiveCfg = Debug|Any CPU
		{987C9A05-C8FE-43C0-8A59-5C2AE2B0ACDE}.Debug|x64.Build.0 = Debug|Any CPU
		{987C9A05-C8FE-43C0-8A59-5C2AE2B0ACDE}.Debug|x86.ActiveCfg = Debug|Any CPU
		{987C9A05-C8FE-43C0-8A59-5C2AE2B0ACDE}.Debug|x86.Build.0 = Debug|Any CPU
		{987C9A05-C8FE-43C0-8A59-5C2AE2B0ACDE}.Release|Any CPU.ActiveCfg = Release|Any CPU
		{987C9A05-C8FE-43C0-8A59-5C2AE2B0ACDE}.Release|Any CPU.Build.0 = Release|Any CPU
		{987C9A05-C8FE-43C0-8A59-5C2AE2B0ACDE}.Release|x64.ActiveCfg = Release|Any CPU
		{987C9A05-C8FE-43C0-8A59-5C2AE2B0ACDE}.Release|x64.Build.0 = Release|Any CPU
		{987C9A05-C8FE-43C0-8A59-5C2AE2B0ACDE}.Release|x86.ActiveCfg = Release|Any CPU
		{987C9A05-C8FE-43C0-8A59-5C2AE2B0ACDE}.Release|x86.Build.0 = Release|Any CPU
		{01831655-15D7-43F9-98E0-F3D413825169}.Debug|Any CPU.ActiveCfg = Debug|Any CPU
		{01831655-15D7-43F9-98E0-F3D413825169}.Debug|Any CPU.Build.0 = Debug|Any CPU
		{01831655-15D7-43F9-98E0-F3D413825169}.Debug|x64.ActiveCfg = Debug|Any CPU
		{01831655-15D7-43F9-98E0-F3D413825169}.Debug|x64.Build.0 = Debug|Any CPU
		{01831655-15D7-43F9-98E0-F3D413825169}.Debug|x86.ActiveCfg = Debug|Any CPU
		{01831655-15D7-43F9-98E0-F3D413825169}.Debug|x86.Build.0 = Debug|Any CPU
		{01831655-15D7-43F9-98E0-F3D413825169}.Release|Any CPU.ActiveCfg = Release|Any CPU
		{01831655-15D7-43F9-98E0-F3D413825169}.Release|Any CPU.Build.0 = Release|Any CPU
		{01831655-15D7-43F9-98E0-F3D413825169}.Release|x64.ActiveCfg = Release|Any CPU
		{01831655-15D7-43F9-98E0-F3D413825169}.Release|x64.Build.0 = Release|Any CPU
		{01831655-15D7-43F9-98E0-F3D413825169}.Release|x86.ActiveCfg = Release|Any CPU
		{01831655-15D7-43F9-98E0-F3D413825169}.Release|x86.Build.0 = Release|Any CPU
		{E4A8A1A3-9B0F-4C78-BAED-A5FBD5C28306}.Debug|Any CPU.ActiveCfg = Debug|Any CPU
		{E4A8A1A3-9B0F-4C78-BAED-A5FBD5C28306}.Debug|Any CPU.Build.0 = Debug|Any CPU
		{E4A8A1A3-9B0F-4C78-BAED-A5FBD5C28306}.Debug|x64.ActiveCfg = Debug|Any CPU
		{E4A8A1A3-9B0F-4C78-BAED-A5FBD5C28306}.Debug|x64.Build.0 = Debug|Any CPU
		{E4A8A1A3-9B0F-4C78-BAED-A5FBD5C28306}.Debug|x86.ActiveCfg = Debug|Any CPU
		{E4A8A1A3-9B0F-4C78-BAED-A5FBD5C28306}.Debug|x86.Build.0 = Debug|Any CPU
		{E4A8A1A3-9B0F-4C78-BAED-A5FBD5C28306}.Release|Any CPU.ActiveCfg = Release|Any CPU
		{E4A8A1A3-9B0F-4C78-BAED-A5FBD5C28306}.Release|Any CPU.Build.0 = Release|Any CPU
		{E4A8A1A3-9B0F-4C78-BAED-A5FBD5C28306}.Release|x64.ActiveCfg = Release|Any CPU
		{E4A8A1A3-9B0F-4C78-BAED-A5FBD5C28306}.Release|x64.Build.0 = Release|Any CPU
		{E4A8A1A3-9B0F-4C78-BAED-A5FBD5C28306}.Release|x86.ActiveCfg = Release|Any CPU
		{E4A8A1A3-9B0F-4C78-BAED-A5FBD5C28306}.Release|x86.Build.0 = Release|Any CPU
		{8EC61259-FB41-4CBF-B7DC-FD662EE5EB1D}.Debug|Any CPU.ActiveCfg = Debug|Any CPU
		{8EC61259-FB41-4CBF-B7DC-FD662EE5EB1D}.Debug|Any CPU.Build.0 = Debug|Any CPU
		{8EC61259-FB41-4CBF-B7DC-FD662EE5EB1D}.Debug|x64.ActiveCfg = Debug|Any CPU
		{8EC61259-FB41-4CBF-B7DC-FD662EE5EB1D}.Debug|x64.Build.0 = Debug|Any CPU
		{8EC61259-FB41-4CBF-B7DC-FD662EE5EB1D}.Debug|x86.ActiveCfg = Debug|Any CPU
		{8EC61259-FB41-4CBF-B7DC-FD662EE5EB1D}.Debug|x86.Build.0 = Debug|Any CPU
		{8EC61259-FB41-4CBF-B7DC-FD662EE5EB1D}.Release|Any CPU.ActiveCfg = Release|Any CPU
		{8EC61259-FB41-4CBF-B7DC-FD662EE5EB1D}.Release|Any CPU.Build.0 = Release|Any CPU
		{8EC61259-FB41-4CBF-B7DC-FD662EE5EB1D}.Release|x64.ActiveCfg = Release|Any CPU
		{8EC61259-FB41-4CBF-B7DC-FD662EE5EB1D}.Release|x64.Build.0 = Release|Any CPU
		{8EC61259-FB41-4CBF-B7DC-FD662EE5EB1D}.Release|x86.ActiveCfg = Release|Any CPU
		{8EC61259-FB41-4CBF-B7DC-FD662EE5EB1D}.Release|x86.Build.0 = Release|Any CPU
		{137E0441-BDDC-4236-9147-FCD4BAA33FBD}.Debug|Any CPU.ActiveCfg = Debug|Any CPU
		{137E0441-BDDC-4236-9147-FCD4BAA33FBD}.Debug|Any CPU.Build.0 = Debug|Any CPU
		{137E0441-BDDC-4236-9147-FCD4BAA33FBD}.Debug|x64.ActiveCfg = Debug|Any CPU
		{137E0441-BDDC-4236-9147-FCD4BAA33FBD}.Debug|x64.Build.0 = Debug|Any CPU
		{137E0441-BDDC-4236-9147-FCD4BAA33FBD}.Debug|x86.ActiveCfg = Debug|Any CPU
		{137E0441-BDDC-4236-9147-FCD4BAA33FBD}.Debug|x86.Build.0 = Debug|Any CPU
		{137E0441-BDDC-4236-9147-FCD4BAA33FBD}.Release|Any CPU.ActiveCfg = Release|Any CPU
		{137E0441-BDDC-4236-9147-FCD4BAA33FBD}.Release|Any CPU.Build.0 = Release|Any CPU
		{137E0441-BDDC-4236-9147-FCD4BAA33FBD}.Release|x64.ActiveCfg = Release|Any CPU
		{137E0441-BDDC-4236-9147-FCD4BAA33FBD}.Release|x64.Build.0 = Release|Any CPU
		{137E0441-BDDC-4236-9147-FCD4BAA33FBD}.Release|x86.ActiveCfg = Release|Any CPU
		{137E0441-BDDC-4236-9147-FCD4BAA33FBD}.Release|x86.Build.0 = Release|Any CPU
		{07AB275F-E868-411E-8CF5-00803A85E1C4}.Debug|Any CPU.ActiveCfg = Debug|Any CPU
		{07AB275F-E868-411E-8CF5-00803A85E1C4}.Debug|Any CPU.Build.0 = Debug|Any CPU
		{07AB275F-E868-411E-8CF5-00803A85E1C4}.Debug|x64.ActiveCfg = Debug|Any CPU
		{07AB275F-E868-411E-8CF5-00803A85E1C4}.Debug|x64.Build.0 = Debug|Any CPU
		{07AB275F-E868-411E-8CF5-00803A85E1C4}.Debug|x86.ActiveCfg = Debug|Any CPU
		{07AB275F-E868-411E-8CF5-00803A85E1C4}.Debug|x86.Build.0 = Debug|Any CPU
		{07AB275F-E868-411E-8CF5-00803A85E1C4}.Release|Any CPU.ActiveCfg = Release|Any CPU
		{07AB275F-E868-411E-8CF5-00803A85E1C4}.Release|Any CPU.Build.0 = Release|Any CPU
		{07AB275F-E868-411E-8CF5-00803A85E1C4}.Release|x64.ActiveCfg = Release|Any CPU
		{07AB275F-E868-411E-8CF5-00803A85E1C4}.Release|x64.Build.0 = Release|Any CPU
		{07AB275F-E868-411E-8CF5-00803A85E1C4}.Release|x86.ActiveCfg = Release|Any CPU
		{07AB275F-E868-411E-8CF5-00803A85E1C4}.Release|x86.Build.0 = Release|Any CPU
		{D70A0087-104B-4B67-8016-9A72D42DE861}.Debug|Any CPU.ActiveCfg = Debug|Any CPU
		{D70A0087-104B-4B67-8016-9A72D42DE861}.Debug|Any CPU.Build.0 = Debug|Any CPU
		{D70A0087-104B-4B67-8016-9A72D42DE861}.Debug|x64.ActiveCfg = Debug|Any CPU
		{D70A0087-104B-4B67-8016-9A72D42DE861}.Debug|x64.Build.0 = Debug|Any CPU
		{D70A0087-104B-4B67-8016-9A72D42DE861}.Debug|x86.ActiveCfg = Debug|Any CPU
		{D70A0087-104B-4B67-8016-9A72D42DE861}.Debug|x86.Build.0 = Debug|Any CPU
		{D70A0087-104B-4B67-8016-9A72D42DE861}.Release|Any CPU.ActiveCfg = Release|Any CPU
		{D70A0087-104B-4B67-8016-9A72D42DE861}.Release|Any CPU.Build.0 = Release|Any CPU
		{D70A0087-104B-4B67-8016-9A72D42DE861}.Release|x64.ActiveCfg = Release|Any CPU
		{D70A0087-104B-4B67-8016-9A72D42DE861}.Release|x64.Build.0 = Release|Any CPU
		{D70A0087-104B-4B67-8016-9A72D42DE861}.Release|x86.ActiveCfg = Release|Any CPU
		{D70A0087-104B-4B67-8016-9A72D42DE861}.Release|x86.Build.0 = Release|Any CPU
		{59CE01BC-4ABB-4BD3-841F-34A5E99D0A21}.Debug|Any CPU.ActiveCfg = Debug|Any CPU
		{59CE01BC-4ABB-4BD3-841F-34A5E99D0A21}.Debug|Any CPU.Build.0 = Debug|Any CPU
		{59CE01BC-4ABB-4BD3-841F-34A5E99D0A21}.Debug|x64.ActiveCfg = Debug|Any CPU
		{59CE01BC-4ABB-4BD3-841F-34A5E99D0A21}.Debug|x64.Build.0 = Debug|Any CPU
		{59CE01BC-4ABB-4BD3-841F-34A5E99D0A21}.Debug|x86.ActiveCfg = Debug|Any CPU
		{59CE01BC-4ABB-4BD3-841F-34A5E99D0A21}.Debug|x86.Build.0 = Debug|Any CPU
		{59CE01BC-4ABB-4BD3-841F-34A5E99D0A21}.Release|Any CPU.ActiveCfg = Release|Any CPU
		{59CE01BC-4ABB-4BD3-841F-34A5E99D0A21}.Release|Any CPU.Build.0 = Release|Any CPU
		{59CE01BC-4ABB-4BD3-841F-34A5E99D0A21}.Release|x64.ActiveCfg = Release|Any CPU
		{59CE01BC-4ABB-4BD3-841F-34A5E99D0A21}.Release|x64.Build.0 = Release|Any CPU
		{59CE01BC-4ABB-4BD3-841F-34A5E99D0A21}.Release|x86.ActiveCfg = Release|Any CPU
		{59CE01BC-4ABB-4BD3-841F-34A5E99D0A21}.Release|x86.Build.0 = Release|Any CPU
		{9026A38C-A167-42B3-B1A3-5FB1032425C1}.Debug|Any CPU.ActiveCfg = Debug|Any CPU
		{9026A38C-A167-42B3-B1A3-5FB1032425C1}.Debug|Any CPU.Build.0 = Debug|Any CPU
		{9026A38C-A167-42B3-B1A3-5FB1032425C1}.Debug|x64.ActiveCfg = Debug|Any CPU
		{9026A38C-A167-42B3-B1A3-5FB1032425C1}.Debug|x64.Build.0 = Debug|Any CPU
		{9026A38C-A167-42B3-B1A3-5FB1032425C1}.Debug|x86.ActiveCfg = Debug|Any CPU
		{9026A38C-A167-42B3-B1A3-5FB1032425C1}.Debug|x86.Build.0 = Debug|Any CPU
		{9026A38C-A167-42B3-B1A3-5FB1032425C1}.Release|Any CPU.ActiveCfg = Release|Any CPU
		{9026A38C-A167-42B3-B1A3-5FB1032425C1}.Release|Any CPU.Build.0 = Release|Any CPU
		{9026A38C-A167-42B3-B1A3-5FB1032425C1}.Release|x64.ActiveCfg = Release|Any CPU
		{9026A38C-A167-42B3-B1A3-5FB1032425C1}.Release|x64.Build.0 = Release|Any CPU
		{9026A38C-A167-42B3-B1A3-5FB1032425C1}.Release|x86.ActiveCfg = Release|Any CPU
		{9026A38C-A167-42B3-B1A3-5FB1032425C1}.Release|x86.Build.0 = Release|Any CPU
		{F65F8884-5FFC-46B5-8DE4-790F27C32BF0}.Debug|Any CPU.ActiveCfg = Debug|Any CPU
		{F65F8884-5FFC-46B5-8DE4-790F27C32BF0}.Debug|Any CPU.Build.0 = Debug|Any CPU
		{F65F8884-5FFC-46B5-8DE4-790F27C32BF0}.Debug|x64.ActiveCfg = Debug|Any CPU
		{F65F8884-5FFC-46B5-8DE4-790F27C32BF0}.Debug|x64.Build.0 = Debug|Any CPU
		{F65F8884-5FFC-46B5-8DE4-790F27C32BF0}.Debug|x86.ActiveCfg = Debug|Any CPU
		{F65F8884-5FFC-46B5-8DE4-790F27C32BF0}.Debug|x86.Build.0 = Debug|Any CPU
		{F65F8884-5FFC-46B5-8DE4-790F27C32BF0}.Release|Any CPU.ActiveCfg = Release|Any CPU
		{F65F8884-5FFC-46B5-8DE4-790F27C32BF0}.Release|Any CPU.Build.0 = Release|Any CPU
		{F65F8884-5FFC-46B5-8DE4-790F27C32BF0}.Release|x64.ActiveCfg = Release|Any CPU
		{F65F8884-5FFC-46B5-8DE4-790F27C32BF0}.Release|x64.Build.0 = Release|Any CPU
		{F65F8884-5FFC-46B5-8DE4-790F27C32BF0}.Release|x86.ActiveCfg = Release|Any CPU
		{F65F8884-5FFC-46B5-8DE4-790F27C32BF0}.Release|x86.Build.0 = Release|Any CPU
	EndGlobalSection
	GlobalSection(SolutionProperties) = preSolution
		HideSolutionNode = FALSE
	EndGlobalSection
	GlobalSection(NestedProjects) = preSolution
		{90298CBA-BD6F-3A0A-69D5-97CAD7B05E7E} = {827E0CD3-B72D-47B6-A68D-7590B98EB39B}
		{83CCC83E-9ECB-4A01-8DFC-3287DEBEA212} = {90298CBA-BD6F-3A0A-69D5-97CAD7B05E7E}
		{582AE7F4-1A9E-425F-B8C8-B6F8BD198F4E} = {90298CBA-BD6F-3A0A-69D5-97CAD7B05E7E}
		{E7BDAFDC-6699-4477-B0BA-0E15842ACF10} = {90298CBA-BD6F-3A0A-69D5-97CAD7B05E7E}
		{C6630DDB-3E61-4723-9B83-99D3F5F72568} = {90298CBA-BD6F-3A0A-69D5-97CAD7B05E7E}
		{E3DF5958-C454-47F9-BCF6-528DB47AC62C} = {90298CBA-BD6F-3A0A-69D5-97CAD7B05E7E}
		{D9553D3D-9EFE-4875-875E-F122CD35374A} = {90298CBA-BD6F-3A0A-69D5-97CAD7B05E7E}
		{8B5C73EB-6C8B-499E-BF80-AA120686AC8D} = {90298CBA-BD6F-3A0A-69D5-97CAD7B05E7E}
		{1D2621EC-C116-4E4F-BA64-8C9C0321D17C} = {90298CBA-BD6F-3A0A-69D5-97CAD7B05E7E}
		{20487429-D8D3-4137-9C37-09E8BD4DC7BC} = {90298CBA-BD6F-3A0A-69D5-97CAD7B05E7E}
		{14EF50F7-8F57-4A8D-8552-17ADB6C70166} = {90298CBA-BD6F-3A0A-69D5-97CAD7B05E7E}
		{DBCC0169-A402-48CC-9FAB-6E70B89071EA} = {90298CBA-BD6F-3A0A-69D5-97CAD7B05E7E}
		{94697D0E-67E3-4406-9C6A-316CC5F00562} = {90298CBA-BD6F-3A0A-69D5-97CAD7B05E7E}
		{82549AAB-094D-47CF-9046-1FDB4413EEBC} = {90298CBA-BD6F-3A0A-69D5-97CAD7B05E7E}
		{0578000B-0F5F-405E-A7CD-3F39A43AB20E} = {90298CBA-BD6F-3A0A-69D5-97CAD7B05E7E}
		{987C9A05-C8FE-43C0-8A59-5C2AE2B0ACDE} = {90298CBA-BD6F-3A0A-69D5-97CAD7B05E7E}
		{01831655-15D7-43F9-98E0-F3D413825169} = {90298CBA-BD6F-3A0A-69D5-97CAD7B05E7E}
		{E4A8A1A3-9B0F-4C78-BAED-A5FBD5C28306} = {90298CBA-BD6F-3A0A-69D5-97CAD7B05E7E}
		{8EC61259-FB41-4CBF-B7DC-FD662EE5EB1D} = {90298CBA-BD6F-3A0A-69D5-97CAD7B05E7E}
		{137E0441-BDDC-4236-9147-FCD4BAA33FBD} = {90298CBA-BD6F-3A0A-69D5-97CAD7B05E7E}
		{07AB275F-E868-411E-8CF5-00803A85E1C4} = {90298CBA-BD6F-3A0A-69D5-97CAD7B05E7E}
		{D70A0087-104B-4B67-8016-9A72D42DE861} = {90298CBA-BD6F-3A0A-69D5-97CAD7B05E7E}
		{59CE01BC-4ABB-4BD3-841F-34A5E99D0A21} = {90298CBA-BD6F-3A0A-69D5-97CAD7B05E7E}
		{9026A38C-A167-42B3-B1A3-5FB1032425C1} = {90298CBA-BD6F-3A0A-69D5-97CAD7B05E7E}
		{F65F8884-5FFC-46B5-8DE4-790F27C32BF0} = {0AB3BF05-4346-4AA6-1389-037BE0695223}
	EndGlobalSection
EndGlobal
